// !$*UTF8*$!
{
	archiveVersion = 1;
	classes = {
	};
	objectVersion = 46;
	objects = {

/* Begin PBXBuildFile section */
		22AD0A9518E82A510003E9DF /* Foundation.framework in Frameworks */ = {isa = PBXBuildFile; fileRef = 22AD0A9418E82A510003E9DF /* Foundation.framework */; };
		22AD0A9718E82A510003E9DF /* CoreGraphics.framework in Frameworks */ = {isa = PBXBuildFile; fileRef = 22AD0A9618E82A510003E9DF /* CoreGraphics.framework */; };
		22AD0A9918E82A510003E9DF /* UIKit.framework in Frameworks */ = {isa = PBXBuildFile; fileRef = 22AD0A9818E82A510003E9DF /* UIKit.framework */; };
		22AD0A9F18E82A510003E9DF /* InfoPlist.strings in Resources */ = {isa = PBXBuildFile; fileRef = 22AD0A9D18E82A510003E9DF /* InfoPlist.strings */; };
		22AD0AA118E82A510003E9DF /* main.m in Sources */ = {isa = PBXBuildFile; fileRef = 22AD0AA018E82A510003E9DF /* main.m */; };
		22AD0AA518E82A510003E9DF /* SCAppDelegate.m in Sources */ = {isa = PBXBuildFile; fileRef = 22AD0AA418E82A510003E9DF /* SCAppDelegate.m */; };
		22AD0AA818E82A510003E9DF /* Main.storyboard in Resources */ = {isa = PBXBuildFile; fileRef = 22AD0AA618E82A510003E9DF /* Main.storyboard */; };
		22AD0AAB18E82A510003E9DF /* SCViewGridViewController.m in Sources */ = {isa = PBXBuildFile; fileRef = 22AD0AAA18E82A510003E9DF /* SCViewGridViewController.m */; };
		22AD0AAE18E82A510003E9DF /* SCSecondViewController.m in Sources */ = {isa = PBXBuildFile; fileRef = 22AD0AAD18E82A510003E9DF /* SCSecondViewController.m */; };
		22AD0AB018E82A510003E9DF /* Images.xcassets in Resources */ = {isa = PBXBuildFile; fileRef = 22AD0AAF18E82A510003E9DF /* Images.xcassets */; };
		22AD0AB718E82A510003E9DF /* XCTest.framework in Frameworks */ = {isa = PBXBuildFile; fileRef = 22AD0AB618E82A510003E9DF /* XCTest.framework */; };
		22AD0AB818E82A510003E9DF /* Foundation.framework in Frameworks */ = {isa = PBXBuildFile; fileRef = 22AD0A9418E82A510003E9DF /* Foundation.framework */; };
		22AD0AB918E82A510003E9DF /* UIKit.framework in Frameworks */ = {isa = PBXBuildFile; fileRef = 22AD0A9818E82A510003E9DF /* UIKit.framework */; };
		22AD0AC118E82A510003E9DF /* InfoPlist.strings in Resources */ = {isa = PBXBuildFile; fileRef = 22AD0ABF18E82A510003E9DF /* InfoPlist.strings */; };
		22AD0AC318E82A510003E9DF /* LayerGridTests.m in Sources */ = {isa = PBXBuildFile; fileRef = 22AD0AC218E82A510003E9DF /* LayerGridTests.m */; };
		22AD0ACF18E835D60003E9DF /* SCViewGrid.m in Sources */ = {isa = PBXBuildFile; fileRef = 22AD0ACE18E835D60003E9DF /* SCViewGrid.m */; };
		22AD0AD318E837BE0003E9DF /* SCDataFactory.m in Sources */ = {isa = PBXBuildFile; fileRef = 22AD0AD218E837BE0003E9DF /* SCDataFactory.m */; };
/* End PBXBuildFile section */

/* Begin PBXContainerItemProxy section */
		22AD0ABA18E82A510003E9DF /* PBXContainerItemProxy */ = {
			isa = PBXContainerItemProxy;
			containerPortal = 22AD0A8918E82A510003E9DF /* Project object */;
			proxyType = 1;
			remoteGlobalIDString = 22AD0A9018E82A510003E9DF;
			remoteInfo = LayerGrid;
		};
/* End PBXContainerItemProxy section */

/* Begin PBXFileReference section */
		22AD0A9118E82A510003E9DF /* LayerGrid.app */ = {isa = PBXFileReference; explicitFileType = wrapper.application; includeInIndex = 0; path = LayerGrid.app; sourceTree = BUILT_PRODUCTS_DIR; };
		22AD0A9418E82A510003E9DF /* Foundation.framework */ = {isa = PBXFileReference; lastKnownFileType = wrapper.framework; name = Foundation.framework; path = System/Library/Frameworks/Foundation.framework; sourceTree = SDKROOT; };
		22AD0A9618E82A510003E9DF /* CoreGraphics.framework */ = {isa = PBXFileReference; lastKnownFileType = wrapper.framework; name = CoreGraphics.framework; path = System/Library/Frameworks/CoreGraphics.framework; sourceTree = SDKROOT; };
		22AD0A9818E82A510003E9DF /* UIKit.framework */ = {isa = PBXFileReference; lastKnownFileType = wrapper.framework; name = UIKit.framework; path = System/Library/Frameworks/UIKit.framework; sourceTree = SDKROOT; };
		22AD0A9C18E82A510003E9DF /* LayerGrid-Info.plist */ = {isa = PBXFileReference; lastKnownFileType = text.plist.xml; path = "LayerGrid-Info.plist"; sourceTree = "<group>"; };
		22AD0A9E18E82A510003E9DF /* en */ = {isa = PBXFileReference; lastKnownFileType = text.plist.strings; name = en; path = en.lproj/InfoPlist.strings; sourceTree = "<group>"; };
		22AD0AA018E82A510003E9DF /* main.m */ = {isa = PBXFileReference; lastKnownFileType = sourcecode.c.objc; path = main.m; sourceTree = "<group>"; };
		22AD0AA218E82A510003E9DF /* LayerGrid-Prefix.pch */ = {isa = PBXFileReference; lastKnownFileType = sourcecode.c.h; path = "LayerGrid-Prefix.pch"; sourceTree = "<group>"; };
		22AD0AA318E82A510003E9DF /* SCAppDelegate.h */ = {isa = PBXFileReference; lastKnownFileType = sourcecode.c.h; path = SCAppDelegate.h; sourceTree = "<group>"; };
		22AD0AA418E82A510003E9DF /* SCAppDelegate.m */ = {isa = PBXFileReference; lastKnownFileType = sourcecode.c.objc; path = SCAppDelegate.m; sourceTree = "<group>"; };
		22AD0AA718E82A510003E9DF /* Base */ = {isa = PBXFileReference; lastKnownFileType = file.storyboard; name = Base; path = Base.lproj/Main.storyboard; sourceTree = "<group>"; };
		22AD0AA918E82A510003E9DF /* SCViewGridViewController.h */ = {isa = PBXFileReference; lastKnownFileType = sourcecode.c.h; path = SCViewGridViewController.h; sourceTree = "<group>"; };
		22AD0AAA18E82A510003E9DF /* SCViewGridViewController.m */ = {isa = PBXFileReference; lastKnownFileType = sourcecode.c.objc; path = SCViewGridViewController.m; sourceTree = "<group>"; };
		22AD0AAC18E82A510003E9DF /* SCSecondViewController.h */ = {isa = PBXFileReference; lastKnownFileType = sourcecode.c.h; path = SCSecondViewController.h; sourceTree = "<group>"; };
		22AD0AAD18E82A510003E9DF /* SCSecondViewController.m */ = {isa = PBXFileReference; lastKnownFileType = sourcecode.c.objc; path = SCSecondViewController.m; sourceTree = "<group>"; };
		22AD0AAF18E82A510003E9DF /* Images.xcassets */ = {isa = PBXFileReference; lastKnownFileType = folder.assetcatalog; path = Images.xcassets; sourceTree = "<group>"; };
		22AD0AB518E82A510003E9DF /* LayerGridTests.xctest */ = {isa = PBXFileReference; explicitFileType = wrapper.cfbundle; includeInIndex = 0; path = LayerGridTests.xctest; sourceTree = BUILT_PRODUCTS_DIR; };
		22AD0AB618E82A510003E9DF /* XCTest.framework */ = {isa = PBXFileReference; lastKnownFileType = wrapper.framework; name = XCTest.framework; path = Library/Frameworks/XCTest.framework; sourceTree = DEVELOPER_DIR; };
		22AD0ABE18E82A510003E9DF /* LayerGridTests-Info.plist */ = {isa = PBXFileReference; lastKnownFileType = text.plist.xml; path = "LayerGridTests-Info.plist"; sourceTree = "<group>"; };
		22AD0AC018E82A510003E9DF /* en */ = {isa = PBXFileReference; lastKnownFileType = text.plist.strings; name = en; path = en.lproj/InfoPlist.strings; sourceTree = "<group>"; };
		22AD0AC218E82A510003E9DF /* LayerGridTests.m */ = {isa = PBXFileReference; lastKnownFileType = sourcecode.c.objc; path = LayerGridTests.m; sourceTree = "<group>"; };
		22AD0ACD18E835D60003E9DF /* SCViewGrid.h */ = {isa = PBXFileReference; fileEncoding = 4; lastKnownFileType = sourcecode.c.h; path = SCViewGrid.h; sourceTree = "<group>"; };
		22AD0ACE18E835D60003E9DF /* SCViewGrid.m */ = {isa = PBXFileReference; fileEncoding = 4; lastKnownFileType = sourcecode.c.objc; path = SCViewGrid.m; sourceTree = "<group>"; };
		22AD0AD118E837BE0003E9DF /* SCDataFactory.h */ = {isa = PBXFileReference; fileEncoding = 4; lastKnownFileType = sourcecode.c.h; path = SCDataFactory.h; sourceTree = "<group>"; };
		22AD0AD218E837BE0003E9DF /* SCDataFactory.m */ = {isa = PBXFileReference; fileEncoding = 4; lastKnownFileType = sourcecode.c.objc; path = SCDataFactory.m; sourceTree = "<group>"; };
/* End PBXFileReference section */

/* Begin PBXFrameworksBuildPhase section */
		22AD0A8E18E82A510003E9DF /* Frameworks */ = {
			isa = PBXFrameworksBuildPhase;
			buildActionMask = 2147483647;
			files = (
				22AD0A9718E82A510003E9DF /* CoreGraphics.framework in Frameworks */,
				22AD0A9918E82A510003E9DF /* UIKit.framework in Frameworks */,
				22AD0A9518E82A510003E9DF /* Foundation.framework in Frameworks */,
			);
			runOnlyForDeploymentPostprocessing = 0;
		};
		22AD0AB218E82A510003E9DF /* Frameworks */ = {
			isa = PBXFrameworksBuildPhase;
			buildActionMask = 2147483647;
			files = (
				22AD0AB718E82A510003E9DF /* XCTest.framework in Frameworks */,
				22AD0AB918E82A510003E9DF /* UIKit.framework in Frameworks */,
				22AD0AB818E82A510003E9DF /* Foundation.framework in Frameworks */,
			);
			runOnlyForDeploymentPostprocessing = 0;
		};
/* End PBXFrameworksBuildPhase section */

/* Begin PBXGroup section */
		22AD0A8818E82A510003E9DF = {
			isa = PBXGroup;
			children = (
				22AD0A9A18E82A510003E9DF /* LayerGrid */,
				22AD0ABC18E82A510003E9DF /* LayerGridTests */,
				22AD0A9318E82A510003E9DF /* Frameworks */,
				22AD0A9218E82A510003E9DF /* Products */,
			);
			indentWidth = 4;
			sourceTree = "<group>";
			tabWidth = 4;
			usesTabs = 0;
		};
		22AD0A9218E82A510003E9DF /* Products */ = {
			isa = PBXGroup;
			children = (
				22AD0A9118E82A510003E9DF /* LayerGrid.app */,
				22AD0AB518E82A510003E9DF /* LayerGridTests.xctest */,
			);
			name = Products;
			sourceTree = "<group>";
		};
		22AD0A9318E82A510003E9DF /* Frameworks */ = {
			isa = PBXGroup;
			children = (
				22AD0A9418E82A510003E9DF /* Foundation.framework */,
				22AD0A9618E82A510003E9DF /* CoreGraphics.framework */,
				22AD0A9818E82A510003E9DF /* UIKit.framework */,
				22AD0AB618E82A510003E9DF /* XCTest.framework */,
			);
			name = Frameworks;
			sourceTree = "<group>";
		};
		22AD0A9A18E82A510003E9DF /* LayerGrid */ = {
			isa = PBXGroup;
			children = (
				22AD0AD018E837320003E9DF /* Utils */,
				22AD0ACC18E82E570003E9DF /* Grids */,
				22AD0AA318E82A510003E9DF /* SCAppDelegate.h */,
				22AD0AA418E82A510003E9DF /* SCAppDelegate.m */,
				22AD0AA618E82A510003E9DF /* Main.storyboard */,
				22AD0AA918E82A510003E9DF /* SCViewGridViewController.h */,
				22AD0AAA18E82A510003E9DF /* SCViewGridViewController.m */,
				22AD0AAC18E82A510003E9DF /* SCSecondViewController.h */,
				22AD0AAD18E82A510003E9DF /* SCSecondViewController.m */,
				22AD0AAF18E82A510003E9DF /* Images.xcassets */,
				22AD0A9B18E82A510003E9DF /* Supporting Files */,
			);
			path = LayerGrid;
			sourceTree = "<group>";
		};
		22AD0A9B18E82A510003E9DF /* Supporting Files */ = {
			isa = PBXGroup;
			children = (
				22AD0A9C18E82A510003E9DF /* LayerGrid-Info.plist */,
				22AD0A9D18E82A510003E9DF /* InfoPlist.strings */,
				22AD0AA018E82A510003E9DF /* main.m */,
				22AD0AA218E82A510003E9DF /* LayerGrid-Prefix.pch */,
			);
			name = "Supporting Files";
			sourceTree = "<group>";
		};
		22AD0ABC18E82A510003E9DF /* LayerGridTests */ = {
			isa = PBXGroup;
			children = (
				22AD0AC218E82A510003E9DF /* LayerGridTests.m */,
				22AD0ABD18E82A510003E9DF /* Supporting Files */,
			);
			path = LayerGridTests;
			sourceTree = "<group>";
		};
		22AD0ABD18E82A510003E9DF /* Supporting Files */ = {
			isa = PBXGroup;
			children = (
				22AD0ABE18E82A510003E9DF /* LayerGridTests-Info.plist */,
				22AD0ABF18E82A510003E9DF /* InfoPlist.strings */,
			);
			name = "Supporting Files";
			sourceTree = "<group>";
		};
		22AD0ACC18E82E570003E9DF /* Grids */ = {
			isa = PBXGroup;
			children = (
				22AD0ACD18E835D60003E9DF /* SCViewGrid.h */,
				22AD0ACE18E835D60003E9DF /* SCViewGrid.m */,
			);
			name = Grids;
			sourceTree = "<group>";
		};
		22AD0AD018E837320003E9DF /* Utils */ = {
			isa = PBXGroup;
			children = (
				22AD0AD118E837BE0003E9DF /* SCDataFactory.h */,
				22AD0AD218E837BE0003E9DF /* SCDataFactory.m */,
			);
			name = Utils;
			sourceTree = "<group>";
		};
/* End PBXGroup section */

/* Begin PBXNativeTarget section */
		22AD0A9018E82A510003E9DF /* LayerGrid */ = {
			isa = PBXNativeTarget;
			buildConfigurationList = 22AD0AC618E82A510003E9DF /* Build configuration list for PBXNativeTarget "LayerGrid" */;
			buildPhases = (
				22AD0A8D18E82A510003E9DF /* Sources */,
				22AD0A8E18E82A510003E9DF /* Frameworks */,
				22AD0A8F18E82A510003E9DF /* Resources */,
				73E8B393B08241ABA7F8B3CD /* Warn for TODO and FIXME comments */,
			);
			buildRules = (
			);
			dependencies = (
			);
			name = LayerGrid;
			productName = LayerGrid;
			productReference = 22AD0A9118E82A510003E9DF /* LayerGrid.app */;
			productType = "com.apple.product-type.application";
		};
		22AD0AB418E82A510003E9DF /* LayerGridTests */ = {
			isa = PBXNativeTarget;
			buildConfigurationList = 22AD0AC918E82A510003E9DF /* Build configuration list for PBXNativeTarget "LayerGridTests" */;
			buildPhases = (
				22AD0AB118E82A510003E9DF /* Sources */,
				22AD0AB218E82A510003E9DF /* Frameworks */,
				22AD0AB318E82A510003E9DF /* Resources */,
			);
			buildRules = (
			);
			dependencies = (
				22AD0ABB18E82A510003E9DF /* PBXTargetDependency */,
			);
			name = LayerGridTests;
			productName = LayerGridTests;
			productReference = 22AD0AB518E82A510003E9DF /* LayerGridTests.xctest */;
			productType = "com.apple.product-type.bundle.unit-test";
		};
/* End PBXNativeTarget section */

/* Begin PBXProject section */
		22AD0A8918E82A510003E9DF /* Project object */ = {
			isa = PBXProject;
			attributes = {
				CLASSPREFIX = SC;
				LastUpgradeCheck = 0510;
				ORGANIZATIONNAME = ShinobiControls;
				TargetAttributes = {
					22AD0AB418E82A510003E9DF = {
						TestTargetID = 22AD0A9018E82A510003E9DF;
					};
				};
			};
			buildConfigurationList = 22AD0A8C18E82A510003E9DF /* Build configuration list for PBXProject "LayerGrid" */;
			compatibilityVersion = "Xcode 3.2";
			developmentRegion = English;
			hasScannedForEncodings = 0;
			knownRegions = (
				en,
				Base,
			);
			mainGroup = 22AD0A8818E82A510003E9DF;
			productRefGroup = 22AD0A9218E82A510003E9DF /* Products */;
			projectDirPath = "";
			projectRoot = "";
			targets = (
				22AD0A9018E82A510003E9DF /* LayerGrid */,
				22AD0AB418E82A510003E9DF /* LayerGridTests */,
			);
		};
/* End PBXProject section */

/* Begin PBXResourcesBuildPhase section */
		22AD0A8F18E82A510003E9DF /* Resources */ = {
			isa = PBXResourcesBuildPhase;
			buildActionMask = 2147483647;
			files = (
				22AD0AB018E82A510003E9DF /* Images.xcassets in Resources */,
				22AD0A9F18E82A510003E9DF /* InfoPlist.strings in Resources */,
				22AD0AA818E82A510003E9DF /* Main.storyboard in Resources */,
			);
			runOnlyForDeploymentPostprocessing = 0;
		};
		22AD0AB318E82A510003E9DF /* Resources */ = {
			isa = PBXResourcesBuildPhase;
			buildActionMask = 2147483647;
			files = (
				22AD0AC118E82A510003E9DF /* InfoPlist.strings in Resources */,
			);
			runOnlyForDeploymentPostprocessing = 0;
		};
/* End PBXResourcesBuildPhase section */

/* Begin PBXShellScriptBuildPhase section */
		73E8B393B08241ABA7F8B3CD /* Warn for TODO and FIXME comments */ = {
			isa = PBXShellScriptBuildPhase;
			buildActionMask = 2147483647;
			files = (
			);
			inputPaths = (
			);
			name = "Warn for TODO and FIXME comments";
			outputPaths = (
			);
			runOnlyForDeploymentPostprocessing = 0;
			shellPath = /bin/sh;
			shellScript = "KEYWORDS=\"TODO:|FIXME:|\\?\\?\\?:|\\!\\!\\!:\"\nFILE_EXTENSIONS=\"h|m|mm|c|cpp\"\nfind -E \"${SRCROOT}\" -ipath \"${SRCROOT}/pods\" -prune -o \\( -regex \".*\\.($FILE_EXTENSIONS)$\" \\) -print0 | xargs -0 egrep --with-filename --line-number --only-matching \"($KEYWORDS).*\\$\" | perl -p -e \"s/($KEYWORDS)/ warning: \\$1/\"\n";
		};
/* End PBXShellScriptBuildPhase section */

/* Begin PBXSourcesBuildPhase section */
		22AD0A8D18E82A510003E9DF /* Sources */ = {
			isa = PBXSourcesBuildPhase;
			buildActionMask = 2147483647;
			files = (
				22AD0AAE18E82A510003E9DF /* SCSecondViewController.m in Sources */,
				22AD0AAB18E82A510003E9DF /* SCViewGridViewController.m in Sources */,
				22AD0ACF18E835D60003E9DF /* SCViewGrid.m in Sources */,
				22AD0AA518E82A510003E9DF /* SCAppDelegate.m in Sources */,
				22AD0AD318E837BE0003E9DF /* SCDataFactory.m in Sources */,
				22AD0AA118E82A510003E9DF /* main.m in Sources */,
			);
			runOnlyForDeploymentPostprocessing = 0;
		};
		22AD0AB118E82A510003E9DF /* Sources */ = {
			isa = PBXSourcesBuildPhase;
			buildActionMask = 2147483647;
			files = (
				22AD0AC318E82A510003E9DF /* LayerGridTests.m in Sources */,
			);
			runOnlyForDeploymentPostprocessing = 0;
		};
/* End PBXSourcesBuildPhase section */

/* Begin PBXTargetDependency section */
		22AD0ABB18E82A510003E9DF /* PBXTargetDependency */ = {
			isa = PBXTargetDependency;
			target = 22AD0A9018E82A510003E9DF /* LayerGrid */;
			targetProxy = 22AD0ABA18E82A510003E9DF /* PBXContainerItemProxy */;
		};
/* End PBXTargetDependency section */

/* Begin PBXVariantGroup section */
		22AD0A9D18E82A510003E9DF /* InfoPlist.strings */ = {
			isa = PBXVariantGroup;
			children = (
				22AD0A9E18E82A510003E9DF /* en */,
			);
			name = InfoPlist.strings;
			sourceTree = "<group>";
		};
		22AD0AA618E82A510003E9DF /* Main.storyboard */ = {
			isa = PBXVariantGroup;
			children = (
				22AD0AA718E82A510003E9DF /* Base */,
			);
			name = Main.storyboard;
			sourceTree = "<group>";
		};
		22AD0ABF18E82A510003E9DF /* InfoPlist.strings */ = {
			isa = PBXVariantGroup;
			children = (
				22AD0AC018E82A510003E9DF /* en */,
			);
			name = InfoPlist.strings;
			sourceTree = "<group>";
		};
/* End PBXVariantGroup section */

/* Begin XCBuildConfiguration section */
		22AD0AC418E82A510003E9DF /* Debug */ = {
			isa = XCBuildConfiguration;
			buildSettings = {
				ALWAYS_SEARCH_USER_PATHS = NO;
				CLANG_CXX_LANGUAGE_STANDARD = "gnu++0x";
				CLANG_CXX_LIBRARY = "libc++";
				CLANG_ENABLE_MODULES = YES;
				CLANG_ENABLE_OBJC_ARC = YES;
				CLANG_WARN_BOOL_CONVERSION = YES;
				CLANG_WARN_CONSTANT_CONVERSION = YES;
				CLANG_WARN_DIRECT_OBJC_ISA_USAGE = YES_ERROR;
				CLANG_WARN_EMPTY_BODY = YES;
				CLANG_WARN_ENUM_CONVERSION = YES;
				CLANG_WARN_INT_CONVERSION = YES;
				CLANG_WARN_OBJC_ROOT_CLASS = YES_ERROR;
				CLANG_WARN__DUPLICATE_METHOD_MATCH = YES;
				"CODE_SIGN_IDENTITY[sdk=iphoneos*]" = "iPhone Developer";
				COPY_PHASE_STRIP = NO;
				GCC_C_LANGUAGE_STANDARD = gnu99;
				GCC_DYNAMIC_NO_PIC = NO;
				GCC_OPTIMIZATION_LEVEL = 0;
				GCC_PREPROCESSOR_DEFINITIONS = (
					"DEBUG=1",
					"$(inherited)",
				);
				GCC_SYMBOLS_PRIVATE_EXTERN = NO;
				GCC_WARN_64_TO_32_BIT_CONVERSION = YES;
				GCC_WARN_ABOUT_MISSING_FIELD_INITIALIZERS = YES;
				GCC_WARN_ABOUT_MISSING_NEWLINE = YES;
				GCC_WARN_ABOUT_RETURN_TYPE = YES;
				GCC_WARN_CHECK_SWITCH_STATEMENTS = YES;
				GCC_WARN_INITIALIZER_NOT_FULLY_BRACKETED = YES;
				GCC_WARN_MISSING_PARENTHESES = YES;
				GCC_WARN_SHADOW = YES;
				GCC_WARN_SIGN_COMPARE = YES;
				GCC_WARN_TYPECHECK_CALLS_TO_PRINTF = YES;
				GCC_WARN_UNDECLARED_SELECTOR = YES;
				GCC_WARN_UNINITIALIZED_AUTOS = YES_AGGRESSIVE;
				GCC_WARN_UNUSED_FUNCTION = YES;
				GCC_WARN_UNUSED_LABEL = YES;
				GCC_WARN_UNUSED_VALUE = YES;
				GCC_WARN_UNUSED_VARIABLE = YES;
				IPHONEOS_DEPLOYMENT_TARGET = 7.1;
				ONLY_ACTIVE_ARCH = YES;
				RUN_CLANG_STATIC_ANALYZER = YES;
				SDKROOT = iphoneos;
				TARGETED_DEVICE_FAMILY = 2;
			};
			name = Debug;
		};
		22AD0AC518E82A510003E9DF /* Release */ = {
			isa = XCBuildConfiguration;
			buildSettings = {
				ALWAYS_SEARCH_USER_PATHS = NO;
				CLANG_CXX_LANGUAGE_STANDARD = "gnu++0x";
				CLANG_CXX_LIBRARY = "libc++";
				CLANG_ENABLE_MODULES = YES;
				CLANG_ENABLE_OBJC_ARC = YES;
				CLANG_WARN_BOOL_CONVERSION = YES;
				CLANG_WARN_CONSTANT_CONVERSION = YES;
				CLANG_WARN_DIRECT_OBJC_ISA_USAGE = YES_ERROR;
				CLANG_WARN_EMPTY_BODY = YES;
				CLANG_WARN_ENUM_CONVERSION = YES;
				CLANG_WARN_INT_CONVERSION = YES;
				CLANG_WARN_OBJC_ROOT_CLASS = YES_ERROR;
				CLANG_WARN__DUPLICATE_METHOD_MATCH = YES;
				"CODE_SIGN_IDENTITY[sdk=iphoneos*]" = "iPhone Developer";
				COPY_PHASE_STRIP = YES;
				ENABLE_NS_ASSERTIONS = NO;
				GCC_C_LANGUAGE_STANDARD = gnu99;
				GCC_WARN_64_TO_32_BIT_CONVERSION = YES;
				GCC_WARN_ABOUT_MISSING_FIELD_INITIALIZERS = YES;
				GCC_WARN_ABOUT_MISSING_NEWLINE = YES;
				GCC_WARN_ABOUT_RETURN_TYPE = YES;
				GCC_WARN_CHECK_SWITCH_STATEMENTS = YES;
				GCC_WARN_INITIALIZER_NOT_FULLY_BRACKETED = YES;
				GCC_WARN_MISSING_PARENTHESES = YES;
				GCC_WARN_SHADOW = YES;
				GCC_WARN_SIGN_COMPARE = YES;
				GCC_WARN_TYPECHECK_CALLS_TO_PRINTF = YES;
				GCC_WARN_UNDECLARED_SELECTOR = YES;
				GCC_WARN_UNINITIALIZED_AUTOS = YES_AGGRESSIVE;
				GCC_WARN_UNUSED_FUNCTION = YES;
				GCC_WARN_UNUSED_LABEL = YES;
				GCC_WARN_UNUSED_VALUE = YES;
				GCC_WARN_UNUSED_VARIABLE = YES;
				IPHONEOS_DEPLOYMENT_TARGET = 7.1;
				RUN_CLANG_STATIC_ANALYZER = YES;
				SDKROOT = iphoneos;
				TARGETED_DEVICE_FAMILY = 2;
				VALIDATE_PRODUCT = YES;
			};
			name = Release;
		};
		22AD0AC718E82A510003E9DF /* Debug */ = {
			isa = XCBuildConfiguration;
			buildSettings = {
				ASSETCATALOG_COMPILER_APPICON_NAME = AppIcon;
				ASSETCATALOG_COMPILER_LAUNCHIMAGE_NAME = LaunchImage;
				GCC_PRECOMPILE_PREFIX_HEADER = YES;
				GCC_PREFIX_HEADER = "LayerGrid/LayerGrid-Prefix.pch";
				INFOPLIST_FILE = "LayerGrid/LayerGrid-Info.plist";
				PRODUCT_NAME = "$(TARGET_NAME)";
				WARNING_CFLAGS = (
					"-Weverything",
					"-Wno-objc-missing-property-synthesis",
				);
				WRAPPER_EXTENSION = app;
			};
			name = Debug;
		};
		22AD0AC818E82A510003E9DF /* Release */ = {
			isa = XCBuildConfiguration;
			buildSettings = {
				ASSETCATALOG_COMPILER_APPICON_NAME = AppIcon;
				ASSETCATALOG_COMPILER_LAUNCHIMAGE_NAME = LaunchImage;
				GCC_PRECOMPILE_PREFIX_HEADER = YES;
				GCC_PREFIX_HEADER = "LayerGrid/LayerGrid-Prefix.pch";
				INFOPLIST_FILE = "LayerGrid/LayerGrid-Info.plist";
				PRODUCT_NAME = "$(TARGET_NAME)";
				WARNING_CFLAGS = (
					"-Weverything",
					"-Wno-objc-missing-property-synthesis",
				);
				WRAPPER_EXTENSION = app;
			};
			name = Release;
		};
		22AD0ACA18E82A510003E9DF /* Debug */ = {
			isa = XCBuildConfiguration;
			buildSettings = {
				BUNDLE_LOADER = "$(BUILT_PRODUCTS_DIR)/LayerGrid.app/LayerGrid";
				FRAMEWORK_SEARCH_PATHS = (
					"$(SDKROOT)/Developer/Library/Frameworks",
					"$(inherited)",
					"$(DEVELOPER_FRAMEWORKS_DIR)",
				);
				GCC_PRECOMPILE_PREFIX_HEADER = YES;
				GCC_PREFIX_HEADER = "LayerGrid/LayerGrid-Prefix.pch";
				GCC_PREPROCESSOR_DEFINITIONS = (
					"DEBUG=1",
					"$(inherited)",
				);
				INFOPLIST_FILE = "LayerGridTests/LayerGridTests-Info.plist";
				PRODUCT_NAME = "$(TARGET_NAME)";
				TEST_HOST = "$(BUNDLE_LOADER)";
				WRAPPER_EXTENSION = xctest;
			};
			name = Debug;
		};
		22AD0ACB18E82A510003E9DF /* Release */ = {
			isa = XCBuildConfiguration;
			buildSettings = {
				BUNDLE_LOADER = "$(BUILT_PRODUCTS_DIR)/LayerGrid.app/LayerGrid";
				FRAMEWORK_SEARCH_PATHS = (
					"$(SDKROOT)/Developer/Library/Frameworks",
					"$(inherited)",
					"$(DEVELOPER_FRAMEWORKS_DIR)",
				);
				GCC_PRECOMPILE_PREFIX_HEADER = YES;
				GCC_PREFIX_HEADER = "LayerGrid/LayerGrid-Prefix.pch";
				INFOPLIST_FILE = "LayerGridTests/LayerGridTests-Info.plist";
				PRODUCT_NAME = "$(TARGET_NAME)";
				TEST_HOST = "$(BUNDLE_LOADER)";
				WRAPPER_EXTENSION = xctest;
			};
			name = Release;
		};
/* End XCBuildConfiguration section */

/* Begin XCConfigurationList section */
		22AD0A8C18E82A510003E9DF /* Build configuration list for PBXProject "LayerGrid" */ = {
			isa = XCConfigurationList;
			buildConfigurations = (
				22AD0AC418E82A510003E9DF /* Debug */,
				22AD0AC518E82A510003E9DF /* Release */,
			);
			defaultConfigurationIsVisible = 0;
			defaultConfigurationName = Release;
		};
		22AD0AC618E82A510003E9DF /* Build configuration list for PBXNativeTarget "LayerGrid" */ = {
			isa = XCConfigurationList;
			buildConfigurations = (
				22AD0AC718E82A510003E9DF /* Debug */,
				22AD0AC818E82A510003E9DF /* Release */,
			);
			defaultConfigurationIsVisible = 0;
			defaultConfigurationName = Release;
		};
		22AD0AC918E82A510003E9DF /* Build configuration list for PBXNativeTarget "LayerGridTests" */ = {
			isa = XCConfigurationList;
			buildConfigurations = (
				22AD0ACA18E82A510003E9DF /* Debug */,
				22AD0ACB18E82A510003E9DF /* Release */,
			);
			defaultConfigurationIsVisible = 0;
			defaultConfigurationName = Release;
		};
/* End XCConfigurationList section */
	};
	rootObject = 22AD0A8918E82A510003E9DF /* Project object */;
}
